
Microsoft Visual Studio Solution File, Format Version 12.00
# Visual Studio 15
VisualStudioVersion = 15.0.26124.0
MinimumVisualStudioVersion = 15.0.26124.0
Project("{FAE04EC0-301F-11D3-BF4B-00C04F79EFBC}") = "Application", "Api.Application\Application.csproj", "{A52F799D-1EFB-4E15-8157-0BB124728440}"
EndProject
Project("{FAE04EC0-301F-11D3-BF4B-00C04F79EFBC}") = "Domain", "Api.Domain\Domain.csproj", "{6F8EFFB3-1E3A-4EBA-AA7D-8B4ED62A554F}"
EndProject
Project("{FAE04EC0-301F-11D3-BF4B-00C04F79EFBC}") = "CrossCutting", "Api.CrossCutting\CrossCutting.csproj", "{B7A7544A-D099-4F35-A059-2B312DC41F63}"
EndProject
Project("{FAE04EC0-301F-11D3-BF4B-00C04F79EFBC}") = "Data", "Api.Data\Data.csproj", "{8BFF08F3-DDC0-41B9-9955-1EC712F8162C}"
EndProject
Project("{FAE04EC0-301F-11D3-BF4B-00C04F79EFBC}") = "Service", "Api.Service\Service.csproj", "{DC686A8A-77AE-4F48-9E78-4D94BFEE4FD2}"
EndProject
Global
	GlobalSection(SolutionConfigurationPlatforms) = preSolution
		Debug|Any CPU = Debug|Any CPU
		Debug|x64 = Debug|x64
		Debug|x86 = Debug|x86
		Release|Any CPU = Release|Any CPU
		Release|x64 = Release|x64
		Release|x86 = Release|x86
	EndGlobalSection
	GlobalSection(SolutionProperties) = preSolution
		HideSolutionNode = FALSE
	EndGlobalSection
	GlobalSection(ProjectConfigurationPlatforms) = postSolution
		{A52F799D-1EFB-4E15-8157-0BB124728440}.Debug|Any CPU.ActiveCfg = Debug|Any CPU
		{A52F799D-1EFB-4E15-8157-0BB124728440}.Debug|Any CPU.Build.0 = Debug|Any CPU
		{A52F799D-1EFB-4E15-8157-0BB124728440}.Debug|x64.ActiveCfg = Debug|Any CPU
		{A52F799D-1EFB-4E15-8157-0BB124728440}.Debug|x64.Build.0 = Debug|Any CPU
		{A52F799D-1EFB-4E15-8157-0BB124728440}.Debug|x86.ActiveCfg = Debug|Any CPU
		{A52F799D-1EFB-4E15-8157-0BB124728440}.Debug|x86.Build.0 = Debug|Any CPU
		{A52F799D-1EFB-4E15-8157-0BB124728440}.Release|Any CPU.ActiveCfg = Release|Any CPU
		{A52F799D-1EFB-4E15-8157-0BB124728440}.Release|Any CPU.Build.0 = Release|Any CPU
		{A52F799D-1EFB-4E15-8157-0BB124728440}.Release|x64.ActiveCfg = Release|Any CPU
		{A52F799D-1EFB-4E15-8157-0BB124728440}.Release|x64.Build.0 = Release|Any CPU
		{A52F799D-1EFB-4E15-8157-0BB124728440}.Release|x86.ActiveCfg = Release|Any CPU
		{A52F799D-1EFB-4E15-8157-0BB124728440}.Release|x86.Build.0 = Release|Any CPU
		{6F8EFFB3-1E3A-4EBA-AA7D-8B4ED62A554F}.Debug|Any CPU.ActiveCfg = Debug|Any CPU
		{6F8EFFB3-1E3A-4EBA-AA7D-8B4ED62A554F}.Debug|Any CPU.Build.0 = Debug|Any CPU
		{6F8EFFB3-1E3A-4EBA-AA7D-8B4ED62A554F}.Debug|x64.ActiveCfg = Debug|Any CPU
		{6F8EFFB3-1E3A-4EBA-AA7D-8B4ED62A554F}.Debug|x64.Build.0 = Debug|Any CPU
		{6F8EFFB3-1E3A-4EBA-AA7D-8B4ED62A554F}.Debug|x86.ActiveCfg = Debug|Any CPU
		{6F8EFFB3-1E3A-4EBA-AA7D-8B4ED62A554F}.Debug|x86.Build.0 = Debug|Any CPU
		{6F8EFFB3-1E3A-4EBA-AA7D-8B4ED62A554F}.Release|Any CPU.ActiveCfg = Release|Any CPU
		{6F8EFFB3-1E3A-4EBA-AA7D-8B4ED62A554F}.Release|Any CPU.Build.0 = Release|Any CPU
		{6F8EFFB3-1E3A-4EBA-AA7D-8B4ED62A554F}.Release|x64.ActiveCfg = Release|Any CPU
		{6F8EFFB3-1E3A-4EBA-AA7D-8B4ED62A554F}.Release|x64.Build.0 = Release|Any CPU
		{6F8EFFB3-1E3A-4EBA-AA7D-8B4ED62A554F}.Release|x86.ActiveCfg = Release|Any CPU
		{6F8EFFB3-1E3A-4EBA-AA7D-8B4ED62A554F}.Release|x86.Build.0 = Release|Any CPU
		{B7A7544A-D099-4F35-A059-2B312DC41F63}.Debug|Any CPU.ActiveCfg = Debug|Any CPU
		{B7A7544A-D099-4F35-A059-2B312DC41F63}.Debug|Any CPU.Build.0 = Debug|Any CPU
		{B7A7544A-D099-4F35-A059-2B312DC41F63}.Debug|x64.ActiveCfg = Debug|Any CPU
		{B7A7544A-D099-4F35-A059-2B312DC41F63}.Debug|x64.Build.0 = Debug|Any CPU
		{B7A7544A-D099-4F35-A059-2B312DC41F63}.Debug|x86.ActiveCfg = Debug|Any CPU
		{B7A7544A-D099-4F35-A059-2B312DC41F63}.Debug|x86.Build.0 = Debug|Any CPU
		{B7A7544A-D099-4F35-A059-2B312DC41F63}.Release|Any CPU.ActiveCfg = Release|Any CPU
		{B7A7544A-D099-4F35-A059-2B312DC41F63}.Release|Any CPU.Build.0 = Release|Any CPU
		{B7A7544A-D099-4F35-A059-2B312DC41F63}.Release|x64.ActiveCfg = Release|Any CPU
		{B7A7544A-D099-4F35-A059-2B312DC41F63}.Release|x64.Build.0 = Release|Any CPU
		{B7A7544A-D099-4F35-A059-2B312DC41F63}.Release|x86.ActiveCfg = Release|Any CPU
		{B7A7544A-D099-4F35-A059-2B312DC41F63}.Release|x86.Build.0 = Release|Any CPU
		{8BFF08F3-DDC0-41B9-9955-1EC712F8162C}.Debug|Any CPU.ActiveCfg = Debug|Any CPU
		{8BFF08F3-DDC0-41B9-9955-1EC712F8162C}.Debug|Any CPU.Build.0 = Debug|Any CPU
		{8BFF08F3-DDC0-41B9-9955-1EC712F8162C}.Debug|x64.ActiveCfg = Debug|Any CPU
		{8BFF08F3-DDC0-41B9-9955-1EC712F8162C}.Debug|x64.Build.0 = Debug|Any CPU
		{8BFF08F3-DDC0-41B9-9955-1EC712F8162C}.Debug|x86.ActiveCfg = Debug|Any CPU
		{8BFF08F3-DDC0-41B9-9955-1EC712F8162C}.Debug|x86.Build.0 = Debug|Any CPU
		{8BFF08F3-DDC0-41B9-9955-1EC712F8162C}.Release|Any CPU.ActiveCfg = Release|Any CPU
		{8BFF08F3-DDC0-41B9-9955-1EC712F8162C}.Release|Any CPU.Build.0 = Release|Any CPU
		{8BFF08F3-DDC0-41B9-9955-1EC712F8162C}.Release|x64.ActiveCfg = Release|Any CPU
		{8BFF08F3-DDC0-41B9-9955-1EC712F8162C}.Release|x64.Build.0 = Release|Any CPU
		{8BFF08F3-DDC0-41B9-9955-1EC712F8162C}.Release|x86.ActiveCfg = Release|Any CPU
		{8BFF08F3-DDC0-41B9-9955-1EC712F8162C}.Release|x86.Build.0 = Release|Any CPU
		{DC686A8A-77AE-4F48-9E78-4D94BFEE4FD2}.Debug|Any CPU.ActiveCfg = Debug|Any CPU
		{DC686A8A-77AE-4F48-9E78-4D94BFEE4FD2}.Debug|Any CPU.Build.0 = Debug|Any CPU
		{DC686A8A-77AE-4F48-9E78-4D94BFEE4FD2}.Debug|x64.ActiveCfg = Debug|Any CPU
		{DC686A8A-77AE-4F48-9E78-4D94BFEE4FD2}.Debug|x64.Build.0 = Debug|Any CPU
		{DC686A8A-77AE-4F48-9E78-4D94BFEE4FD2}.Debug|x86.ActiveCfg = Debug|Any CPU
		{DC686A8A-77AE-4F48-9E78-4D94BFEE4FD2}.Debug|x86.Build.0 = Debug|Any CPU
		{DC686A8A-77AE-4F48-9E78-4D94BFEE4FD2}.Release|Any CPU.ActiveCfg = Release|Any CPU
		{DC686A8A-77AE-4F48-9E78-4D94BFEE4FD2}.Release|Any CPU.Build.0 = Release|Any CPU
		{DC686A8A-77AE-4F48-9E78-4D94BFEE4FD2}.Release|x64.ActiveCfg = Release|Any CPU
		{DC686A8A-77AE-4F48-9E78-4D94BFEE4FD2}.Release|x64.Build.0 = Release|Any CPU
		{DC686A8A-77AE-4F48-9E78-4D94BFEE4FD2}.Release|x86.ActiveCfg = Release|Any CPU
		{DC686A8A-77AE-4F48-9E78-4D94BFEE4FD2}.Release|x86.Build.0 = Release|Any CPU
	EndGlobalSection
EndGlobal
